// !$*UTF8*$!
{
	archiveVersion = 1;
	classes = {
	};
	objectVersion = 46;
	objects = {

/* Begin PBXBuildFile section */
		C95614BF1E56C0BF00353D15 /* AppDelegate.swift in Sources */ = {isa = PBXBuildFile; fileRef = C95614BE1E56C0BF00353D15 /* AppDelegate.swift */; };
		C95614C11E56C0BF00353D15 /* ViewController.swift in Sources */ = {isa = PBXBuildFile; fileRef = C95614C01E56C0BF00353D15 /* ViewController.swift */; };
		C95614C41E56C0BF00353D15 /* Main.storyboard in Resources */ = {isa = PBXBuildFile; fileRef = C95614C21E56C0BF00353D15 /* Main.storyboard */; };
		C95614C61E56C0BF00353D15 /* Assets.xcassets in Resources */ = {isa = PBXBuildFile; fileRef = C95614C51E56C0BF00353D15 /* Assets.xcassets */; };
		C95614C91E56C0BF00353D15 /* LaunchScreen.storyboard in Resources */ = {isa = PBXBuildFile; fileRef = C95614C71E56C0BF00353D15 /* LaunchScreen.storyboard */; };
		C95614D41E56C0BF00353D15 /* TwitterDemoTests.swift in Sources */ = {isa = PBXBuildFile; fileRef = C95614D31E56C0BF00353D15 /* TwitterDemoTests.swift */; };
		C95614DF1E56C0BF00353D15 /* TwitterDemoUITests.swift in Sources */ = {isa = PBXBuildFile; fileRef = C95614DE1E56C0BF00353D15 /* TwitterDemoUITests.swift */; };
/* End PBXBuildFile section */

/* Begin PBXContainerItemProxy section */
		C95614D01E56C0BF00353D15 /* PBXContainerItemProxy */ = {
			isa = PBXContainerItemProxy;
			containerPortal = C95614B31E56C0BF00353D15 /* Project object */;
			proxyType = 1;
			remoteGlobalIDString = C95614BA1E56C0BF00353D15;
			remoteInfo = TwitterDemo;
		};
		C95614DB1E56C0BF00353D15 /* PBXContainerItemProxy */ = {
			isa = PBXContainerItemProxy;
			containerPortal = C95614B31E56C0BF00353D15 /* Project object */;
			proxyType = 1;
			remoteGlobalIDString = C95614BA1E56C0BF00353D15;
			remoteInfo = TwitterDemo;
		};
/* End PBXContainerItemProxy section */

/* Begin PBXFileReference section */
		C95614BB1E56C0BF00353D15 /* TwitterDemo.app */ = {isa = PBXFileReference; explicitFileType = wrapper.application; includeInIndex = 0; path = TwitterDemo.app; sourceTree = BUILT_PRODUCTS_DIR; };
		C95614BE1E56C0BF00353D15 /* AppDelegate.swift */ = {isa = PBXFileReference; lastKnownFileType = sourcecode.swift; path = AppDelegate.swift; sourceTree = "<group>"; };
		C95614C01E56C0BF00353D15 /* ViewController.swift */ = {isa = PBXFileReference; lastKnownFileType = sourcecode.swift; path = ViewController.swift; sourceTree = "<group>"; };
		C95614C31E56C0BF00353D15 /* Base */ = {isa = PBXFileReference; lastKnownFileType = file.storyboard; name = Base; path = Base.lproj/Main.storyboard; sourceTree = "<group>"; };
		C95614C51E56C0BF00353D15 /* Assets.xcassets */ = {isa = PBXFileReference; lastKnownFileType = folder.assetcatalog; path = Assets.xcassets; sourceTree = "<group>"; };
		C95614C81E56C0BF00353D15 /* Base */ = {isa = PBXFileReference; lastKnownFileType = file.storyboard; name = Base; path = Base.lproj/LaunchScreen.storyboard; sourceTree = "<group>"; };
		C95614CA1E56C0BF00353D15 /* Info.plist */ = {isa = PBXFileReference; lastKnownFileType = text.plist.xml; path = Info.plist; sourceTree = "<group>"; };
		C95614CF1E56C0BF00353D15 /* TwitterDemoTests.xctest */ = {isa = PBXFileReference; explicitFileType = wrapper.cfbundle; includeInIndex = 0; path = TwitterDemoTests.xctest; sourceTree = BUILT_PRODUCTS_DIR; };
		C95614D31E56C0BF00353D15 /* TwitterDemoTests.swift */ = {isa = PBXFileReference; lastKnownFileType = sourcecode.swift; path = TwitterDemoTests.swift; sourceTree = "<group>"; };
		C95614D51E56C0BF00353D15 /* Info.plist */ = {isa = PBXFileReference; lastKnownFileType = text.plist.xml; path = Info.plist; sourceTree = "<group>"; };
		C95614DA1E56C0BF00353D15 /* TwitterDemoUITests.xctest */ = {isa = PBXFileReference; explicitFileType = wrapper.cfbundle; includeInIndex = 0; path = TwitterDemoUITests.xctest; sourceTree = BUILT_PRODUCTS_DIR; };
		C95614DE1E56C0BF00353D15 /* TwitterDemoUITests.swift */ = {isa = PBXFileReference; lastKnownFileType = sourcecode.swift; path = TwitterDemoUITests.swift; sourceTree = "<group>"; };
		C95614E01E56C0BF00353D15 /* Info.plist */ = {isa = PBXFileReference; lastKnownFileType = text.plist.xml; path = Info.plist; sourceTree = "<group>"; };
/* End PBXFileReference section */

/* Begin PBXFrameworksBuildPhase section */
		C95614B81E56C0BF00353D15 /* Frameworks */ = {
			isa = PBXFrameworksBuildPhase;
			buildActionMask = 2147483647;
			files = (
			);
			runOnlyForDeploymentPostprocessing = 0;
		};
		C95614CC1E56C0BF00353D15 /* Frameworks */ = {
			isa = PBXFrameworksBuildPhase;
			buildActionMask = 2147483647;
			files = (
			);
			runOnlyForDeploymentPostprocessing = 0;
		};
		C95614D71E56C0BF00353D15 /* Frameworks */ = {
			isa = PBXFrameworksBuildPhase;
			buildActionMask = 2147483647;
			files = (
			);
			runOnlyForDeploymentPostprocessing = 0;
		};
/* End PBXFrameworksBuildPhase section */

/* Begin PBXGroup section */
		C95614B21E56C0BF00353D15 = {
			isa = PBXGroup;
			children = (
				C95614BD1E56C0BF00353D15 /* TwitterDemo */,
				C95614D21E56C0BF00353D15 /* TwitterDemoTests */,
				C95614DD1E56C0BF00353D15 /* TwitterDemoUITests */,
				C95614BC1E56C0BF00353D15 /* Products */,
			);
			sourceTree = "<group>";
		};
		C95614BC1E56C0BF00353D15 /* Products */ = {
			isa = PBXGroup;
			children = (
				C95614BB1E56C0BF00353D15 /* TwitterDemo.app */,
				C95614CF1E56C0BF00353D15 /* TwitterDemoTests.xctest */,
				C95614DA1E56C0BF00353D15 /* TwitterDemoUITests.xctest */,
			);
			name = Products;
			sourceTree = "<group>";
		};
		C95614BD1E56C0BF00353D15 /* TwitterDemo */ = {
			isa = PBXGroup;
			children = (
				C95614BE1E56C0BF00353D15 /* AppDelegate.swift */,
				C95614C01E56C0BF00353D15 /* ViewController.swift */,
				C95614C21E56C0BF00353D15 /* Main.storyboard */,
				C95614C51E56C0BF00353D15 /* Assets.xcassets */,
				C95614C71E56C0BF00353D15 /* LaunchScreen.storyboard */,
				C95614CA1E56C0BF00353D15 /* Info.plist */,
			);
			path = TwitterDemo;
			sourceTree = "<group>";
		};
		C95614D21E56C0BF00353D15 /* TwitterDemoTests */ = {
			isa = PBXGroup;
			children = (
				C95614D31E56C0BF00353D15 /* TwitterDemoTests.swift */,
				C95614D51E56C0BF00353D15 /* Info.plist */,
			);
			path = TwitterDemoTests;
			sourceTree = "<group>";
		};
		C95614DD1E56C0BF00353D15 /* TwitterDemoUITests */ = {
			isa = PBXGroup;
			children = (
				C95614DE1E56C0BF00353D15 /* TwitterDemoUITests.swift */,
				C95614E01E56C0BF00353D15 /* Info.plist */,
			);
			path = TwitterDemoUITests;
			sourceTree = "<group>";
		};
/* End PBXGroup section */

/* Begin PBXNativeTarget section */
		C95614BA1E56C0BF00353D15 /* TwitterDemo */ = {
			isa = PBXNativeTarget;
			buildConfigurationList = C95614E31E56C0BF00353D15 /* Build configuration list for PBXNativeTarget "TwitterDemo" */;
			buildPhases = (
				C95614B71E56C0BF00353D15 /* Sources */,
				C95614B81E56C0BF00353D15 /* Frameworks */,
				C95614B91E56C0BF00353D15 /* Resources */,
			);
			buildRules = (
			);
			dependencies = (
			);
			name = TwitterDemo;
			productName = TwitterDemo;
			productReference = C95614BB1E56C0BF00353D15 /* TwitterDemo.app */;
			productType = "com.apple.product-type.application";
		};
		C95614CE1E56C0BF00353D15 /* TwitterDemoTests */ = {
			isa = PBXNativeTarget;
			buildConfigurationList = C95614E61E56C0BF00353D15 /* Build configuration list for PBXNativeTarget "TwitterDemoTests" */;
			buildPhases = (
				C95614CB1E56C0BF00353D15 /* Sources */,
				C95614CC1E56C0BF00353D15 /* Frameworks */,
				C95614CD1E56C0BF00353D15 /* Resources */,
			);
			buildRules = (
			);
			dependencies = (
				C95614D11E56C0BF00353D15 /* PBXTargetDependency */,
			);
			name = TwitterDemoTests;
			productName = TwitterDemoTests;
			productReference = C95614CF1E56C0BF00353D15 /* TwitterDemoTests.xctest */;
			productType = "com.apple.product-type.bundle.unit-test";
		};
		C95614D91E56C0BF00353D15 /* TwitterDemoUITests */ = {
			isa = PBXNativeTarget;
			buildConfigurationList = C95614E91E56C0BF00353D15 /* Build configuration list for PBXNativeTarget "TwitterDemoUITests" */;
			buildPhases = (
				C95614D61E56C0BF00353D15 /* Sources */,
				C95614D71E56C0BF00353D15 /* Frameworks */,
				C95614D81E56C0BF00353D15 /* Resources */,
			);
			buildRules = (
			);
			dependencies = (
				C95614DC1E56C0BF00353D15 /* PBXTargetDependency */,
			);
			name = TwitterDemoUITests;
			productName = TwitterDemoUITests;
			productReference = C95614DA1E56C0BF00353D15 /* TwitterDemoUITests.xctest */;
			productType = "com.apple.product-type.bundle.ui-testing";
		};
/* End PBXNativeTarget section */

/* Begin PBXProject section */
		C95614B31E56C0BF00353D15 /* Project object */ = {
			isa = PBXProject;
			attributes = {
				LastSwiftUpdateCheck = 0820;
				LastUpgradeCheck = 0820;
				ORGANIZATIONNAME = "Timothy Mak";
				TargetAttributes = {
					C95614BA1E56C0BF00353D15 = {
						CreatedOnToolsVersion = 8.2.1;
						ProvisioningStyle = Automatic;
					};
					C95614CE1E56C0BF00353D15 = {
						CreatedOnToolsVersion = 8.2.1;
						ProvisioningStyle = Automatic;
						TestTargetID = C95614BA1E56C0BF00353D15;
					};
					C95614D91E56C0BF00353D15 = {
						CreatedOnToolsVersion = 8.2.1;
						ProvisioningStyle = Automatic;
						TestTargetID = C95614BA1E56C0BF00353D15;
					};
				};
			};
			buildConfigurationList = C95614B61E56C0BF00353D15 /* Build configuration list for PBXProject "TwitterDemo" */;
			compatibilityVersion = "Xcode 3.2";
			developmentRegion = English;
			hasScannedForEncodings = 0;
			knownRegions = (
				en,
				Base,
			);
			mainGroup = C95614B21E56C0BF00353D15;
			productRefGroup = C95614BC1E56C0BF00353D15 /* Products */;
			projectDirPath = "";
			projectRoot = "";
			targets = (
				C95614BA1E56C0BF00353D15 /* TwitterDemo */,
				C95614CE1E56C0BF00353D15 /* TwitterDemoTests */,
				C95614D91E56C0BF00353D15 /* TwitterDemoUITests */,
			);
		};
/* End PBXProject section */

/* Begin PBXResourcesBuildPhase section */
		C95614B91E56C0BF00353D15 /* Resources */ = {
			isa = PBXResourcesBuildPhase;
			buildActionMask = 2147483647;
			files = (
				C95614C91E56C0BF00353D15 /* LaunchScreen.storyboard in Resources */,
				C95614C61E56C0BF00353D15 /* Assets.xcassets in Resources */,
				C95614C41E56C0BF00353D15 /* Main.storyboard in Resources */,
			);
			runOnlyForDeploymentPostprocessing = 0;
		};
		C95614CD1E56C0BF00353D15 /* Resources */ = {
			isa = PBXResourcesBuildPhase;
			buildActionMask = 2147483647;
			files = (
			);
			runOnlyForDeploymentPostprocessing = 0;
		};
		C95614D81E56C0BF00353D15 /* Resources */ = {
			isa = PBXResourcesBuildPhase;
			buildActionMask = 2147483647;
			files = (
			);
			runOnlyForDeploymentPostprocessing = 0;
		};
/* End PBXResourcesBuildPhase section */

/* Begin PBXSourcesBuildPhase section */
		C95614B71E56C0BF00353D15 /* Sources */ = {
			isa = PBXSourcesBuildPhase;
			buildActionMask = 2147483647;
			files = (
				C95614C11E56C0BF00353D15 /* ViewController.swift in Sources */,
				C95614BF1E56C0BF00353D15 /* AppDelegate.swift in Sources */,
			);
			runOnlyForDeploymentPostprocessing = 0;
		};
		C95614CB1E56C0BF00353D15 /* Sources */ = {
			isa = PBXSourcesBuildPhase;
			buildActionMask = 2147483647;
			files = (
				C95614D41E56C0BF00353D15 /* TwitterDemoTests.swift in Sources */,
			);
			runOnlyForDeploymentPostprocessing = 0;
		};
		C95614D61E56C0BF00353D15 /* Sources */ = {
			isa = PBXSourcesBuildPhase;
			buildActionMask = 2147483647;
			files = (
				C95614DF1E56C0BF00353D15 /* TwitterDemoUITests.swift in Sources */,
			);
			runOnlyForDeploymentPostprocessing = 0;
		};
/* End PBXSourcesBuildPhase section */

/* Begin PBXTargetDependency section */
		C95614D11E56C0BF00353D15 /* PBXTargetDependency */ = {
			isa = PBXTargetDependency;
			target = C95614BA1E56C0BF00353D15 /* TwitterDemo */;
			targetProxy = C95614D01E56C0BF00353D15 /* PBXContainerItemProxy */;
		};
		C95614DC1E56C0BF00353D15 /* PBXTargetDependency */ = {
			isa = PBXTargetDependency;
			target = C95614BA1E56C0BF00353D15 /* TwitterDemo */;
			targetProxy = C95614DB1E56C0BF00353D15 /* PBXContainerItemProxy */;
		};
/* End PBXTargetDependency section */

/* Begin PBXVariantGroup section */
		C95614C21E56C0BF00353D15 /* Main.storyboard */ = {
			isa = PBXVariantGroup;
			children = (
				C95614C31E56C0BF00353D15 /* Base */,
			);
			name = Main.storyboard;
			sourceTree = "<group>";
		};
		C95614C71E56C0BF00353D15 /* LaunchScreen.storyboard */ = {
			isa = PBXVariantGroup;
			children = (
				C95614C81E56C0BF00353D15 /* Base */,
			);
			name = LaunchScreen.storyboard;
			sourceTree = "<group>";
		};
/* End PBXVariantGroup section */

/* Begin XCBuildConfiguration section */
		C95614E11E56C0BF00353D15 /* Debug */ = {
			isa = XCBuildConfiguration;
			buildSettings = {
				ALWAYS_SEARCH_USER_PATHS = NO;
				CLANG_ANALYZER_NONNULL = YES;
				CLANG_CXX_LANGUAGE_STANDARD = "gnu++0x";
				CLANG_CXX_LIBRARY = "libc++";
				CLANG_ENABLE_MODULES = YES;
				CLANG_ENABLE_OBJC_ARC = YES;
				CLANG_WARN_BOOL_CONVERSION = YES;
				CLANG_WARN_CONSTANT_CONVERSION = YES;
				CLANG_WARN_DIRECT_OBJC_ISA_USAGE = YES_ERROR;
				CLANG_WARN_DOCUMENTATION_COMMENTS = YES;
				CLANG_WARN_EMPTY_BODY = YES;
				CLANG_WARN_ENUM_CONVERSION = YES;
				CLANG_WARN_INFINITE_RECURSION = YES;
				CLANG_WARN_INT_CONVERSION = YES;
				CLANG_WARN_OBJC_ROOT_CLASS = YES_ERROR;
				CLANG_WARN_SUSPICIOUS_MOVE = YES;
				CLANG_WARN_UNREACHABLE_CODE = YES;
				CLANG_WARN__DUPLICATE_METHOD_MATCH = YES;
				"CODE_SIGN_IDENTITY[sdk=iphoneos*]" = "iPhone Developer";
				COPY_PHASE_STRIP = NO;
				DEBUG_INFORMATION_FORMAT = dwarf;
				ENABLE_STRICT_OBJC_MSGSEND = YES;
				ENABLE_TESTABILITY = YES;
				GCC_C_LANGUAGE_STANDARD = gnu99;
				GCC_DYNAMIC_NO_PIC = NO;
				GCC_NO_COMMON_BLOCKS = YES;
				GCC_OPTIMIZATION_LEVEL = 0;
				GCC_PREPROCESSOR_DEFINITIONS = (
					"DEBUG=1",
					"$(inherited)",
				);
				GCC_WARN_64_TO_32_BIT_CONVERSION = YES;
				GCC_WARN_ABOUT_RETURN_TYPE = YES_ERROR;
				GCC_WARN_UNDECLARED_SELECTOR = YES;
				GCC_WARN_UNINITIALIZED_AUTOS = YES_AGGRESSIVE;
				GCC_WARN_UNUSED_FUNCTION = YES;
				GCC_WARN_UNUSED_VARIABLE = YES;
				IPHONEOS_DEPLOYMENT_TARGET = 10.2;
				MTL_ENABLE_DEBUG_INFO = YES;
				ONLY_ACTIVE_ARCH = YES;
				SDKROOT = iphoneos;
				SWIFT_ACTIVE_COMPILATION_CONDITIONS = DEBUG;
				SWIFT_OPTIMIZATION_LEVEL = "-Onone";
			};
			name = Debug;
		};
		C95614E21E56C0BF00353D15 /* Release */ = {
			isa = XCBuildConfiguration;
			buildSettings = {
				ALWAYS_SEARCH_USER_PATHS = NO;
				CLANG_ANALYZER_NONNULL = YES;
				CLANG_CXX_LANGUAGE_STANDARD = "gnu++0x";
				CLANG_CXX_LIBRARY = "libc++";
				CLANG_ENABLE_MODULES = YES;
				CLANG_ENABLE_OBJC_ARC = YES;
				CLANG_WARN_BOOL_CONVERSION = YES;
				CLANG_WARN_CONSTANT_CONVERSION = YES;
				CLANG_WARN_DIRECT_OBJC_ISA_USAGE = YES_ERROR;
				CLANG_WARN_DOCUMENTATION_COMMENTS = YES;
				CLANG_WARN_EMPTY_BODY = YES;
				CLANG_WARN_ENUM_CONVERSION = YES;
				CLANG_WARN_INFINITE_RECURSION = YES;
				CLANG_WARN_INT_CONVERSION = YES;
				CLANG_WARN_OBJC_ROOT_CLASS = YES_ERROR;
				CLANG_WARN_SUSPICIOUS_MOVE = YES;
				CLANG_WARN_UNREACHABLE_CODE = YES;
				CLANG_WARN__DUPLICATE_METHOD_MATCH = YES;
				"CODE_SIGN_IDENTITY[sdk=iphoneos*]" = "iPhone Developer";
				COPY_PHASE_STRIP = NO;
				DEBUG_INFORMATION_FORMAT = "dwarf-with-dsym";
				ENABLE_NS_ASSERTIONS = NO;
				ENABLE_STRICT_OBJC_MSGSEND = YES;
				GCC_C_LANGUAGE_STANDARD = gnu99;
				GCC_NO_COMMON_BLOCKS = YES;
				GCC_WARN_64_TO_32_BIT_CONVERSION = YES;
				GCC_WARN_ABOUT_RETURN_TYPE = YES_ERROR;
				GCC_WARN_UNDECLARED_SELECTOR = YES;
				GCC_WARN_UNINITIALIZED_AUTOS = YES_AGGRESSIVE;
				GCC_WARN_UNUSED_FUNCTION = YES;
				GCC_WARN_UNUSED_VARIABLE = YES;
				IPHONEOS_DEPLOYMENT_TARGET = 10.2;
				MTL_ENABLE_DEBUG_INFO = NO;
				SDKROOT = iphoneos;
				SWIFT_OPTIMIZATION_LEVEL = "-Owholemodule";
				VALIDATE_PRODUCT = YES;
			};
			name = Release;
		};
		C95614E41E56C0BF00353D15 /* Debug */ = {
			isa = XCBuildConfiguration;
			buildSettings = {
				ASSETCATALOG_COMPILER_APPICON_NAME = AppIcon;
				INFOPLIST_FILE = TwitterDemo/Info.plist;
				LD_RUNPATH_SEARCH_PATHS = "$(inherited) @executable_path/Frameworks";
				PRODUCT_BUNDLE_IDENTIFIER = "com.timothy-mak.TwitterDemo";
				PRODUCT_NAME = "$(TARGET_NAME)";
				SWIFT_VERSION = 3.0;
			};
			name = Debug;
		};
		C95614E51E56C0BF00353D15 /* Release */ = {
			isa = XCBuildConfiguration;
			buildSettings = {
				ASSETCATALOG_COMPILER_APPICON_NAME = AppIcon;
				INFOPLIST_FILE = TwitterDemo/Info.plist;
				LD_RUNPATH_SEARCH_PATHS = "$(inherited) @executable_path/Frameworks";
				PRODUCT_BUNDLE_IDENTIFIER = "com.timothy-mak.TwitterDemo";
				PRODUCT_NAME = "$(TARGET_NAME)";
				SWIFT_VERSION = 3.0;
			};
			name = Release;
		};
		C95614E71E56C0BF00353D15 /* Debug */ = {
			isa = XCBuildConfiguration;
			buildSettings = {
				ALWAYS_EMBED_SWIFT_STANDARD_LIBRARIES = YES;
				BUNDLE_LOADER = "$(TEST_HOST)";
				INFOPLIST_FILE = TwitterDemoTests/Info.plist;
				LD_RUNPATH_SEARCH_PATHS = "$(inherited) @executable_path/Frameworks @loader_path/Frameworks";
				PRODUCT_BUNDLE_IDENTIFIER = "com.timothy-mak.TwitterDemoTests";
				PRODUCT_NAME = "$(TARGET_NAME)";
				SWIFT_VERSION = 3.0;
				TEST_HOST = "$(BUILT_PRODUCTS_DIR)/TwitterDemo.app/TwitterDemo";
			};
			name = Debug;
		};
		C95614E81E56C0BF00353D15 /* Release */ = {
			isa = XCBuildConfiguration;
			buildSettings = {
				ALWAYS_EMBED_SWIFT_STANDARD_LIBRARIES = YES;
				BUNDLE_LOADER = "$(TEST_HOST)";
				INFOPLIST_FILE = TwitterDemoTests/Info.plist;
				LD_RUNPATH_SEARCH_PATHS = "$(inherited) @executable_path/Frameworks @loader_path/Frameworks";
				PRODUCT_BUNDLE_IDENTIFIER = "com.timothy-mak.TwitterDemoTests";
				PRODUCT_NAME = "$(TARGET_NAME)";
				SWIFT_VERSION = 3.0;
				TEST_HOST = "$(BUILT_PRODUCTS_DIR)/TwitterDemo.app/TwitterDemo";
			};
			name = Release;
		};
		C95614EA1E56C0BF00353D15 /* Debug */ = {
			isa = XCBuildConfiguration;
			buildSettings = {
				ALWAYS_EMBED_SWIFT_STANDARD_LIBRARIES = YES;
				INFOPLIST_FILE = TwitterDemoUITests/Info.plist;
				LD_RUNPATH_SEARCH_PATHS = "$(inherited) @executable_path/Frameworks @loader_path/Frameworks";
				PRODUCT_BUNDLE_IDENTIFIER = "com.timothy-mak.TwitterDemoUITests";
				PRODUCT_NAME = "$(TARGET_NAME)";
				SWIFT_VERSION = 3.0;
				TEST_TARGET_NAME = TwitterDemo;
			};
			name = Debug;
		};
		C95614EB1E56C0BF00353D15 /* Release */ = {
			isa = XCBuildConfiguration;
			buildSettings = {
				ALWAYS_EMBED_SWIFT_STANDARD_LIBRARIES = YES;
				INFOPLIST_FILE = TwitterDemoUITests/Info.plist;
				LD_RUNPATH_SEARCH_PATHS = "$(inherited) @executable_path/Frameworks @loader_path/Frameworks";
				PRODUCT_BUNDLE_IDENTIFIER = "com.timothy-mak.TwitterDemoUITests";
				PRODUCT_NAME = "$(TARGET_NAME)";
				SWIFT_VERSION = 3.0;
				TEST_TARGET_NAME = TwitterDemo;
			};
			name = Release;
		};
/* End XCBuildConfiguration section */

/* Begin XCConfigurationList section */
		C95614B61E56C0BF00353D15 /* Build configuration list for PBXProject "TwitterDemo" */ = {
			isa = XCConfigurationList;
			buildConfigurations = (
				C95614E11E56C0BF00353D15 /* Debug */,
				C95614E21E56C0BF00353D15 /* Release */,
			);
			defaultConfigurationIsVisible = 0;
			defaultConfigurationName = Release;
		};
		C95614E31E56C0BF00353D15 /* Build configuration list for PBXNativeTarget "TwitterDemo" */ = {
			isa = XCConfigurationList;
			buildConfigurations = (
				C95614E41E56C0BF00353D15 /* Debug */,
				C95614E51E56C0BF00353D15 /* Release */,
			);
			defaultConfigurationIsVisible = 0;
		};
		C95614E61E56C0BF00353D15 /* Build configuration list for PBXNativeTarget "TwitterDemoTests" */ = {
			isa = XCConfigurationList;
			buildConfigurations = (
				C95614E71E56C0BF00353D15 /* Debug */,
				C95614E81E56C0BF00353D15 /* Release */,
			);
			defaultConfigurationIsVisible = 0;
		};
		C95614E91E56C0BF00353D15 /* Build configuration list for PBXNativeTarget "TwitterDemoUITests" */ = {
			isa = XCConfigurationList;
			buildConfigurations = (
				C95614EA1E56C0BF00353D15 /* Debug */,
				C95614EB1E56C0BF00353D15 /* Release */,
			);
			defaultConfigurationIsVisible = 0;
		};
/* End XCConfigurationList section */
	};
	rootObject = C95614B31E56C0BF00353D15 /* Project object */;
}
